
Microsoft Visual Studio Solution File, Format Version 12.00
# Visual Studio Version 17
VisualStudioVersion = 17.10.34928.147
MinimumVisualStudioVersion = 10.0.40219.1
Project("{9A19103F-16F7-4668-BE54-9A1E7A4F7556}") = "CashflowModelling", "IRR Model\CashflowModelling.csproj", "{7A0824D4-3CB3-4557-8D9B-A09FD5749D04}"
EndProject
Project("{9A19103F-16F7-4668-BE54-9A1E7A4F7556}") = "LossPayment", "LossPayment\LossPayment.csproj", "{9B80EACE-C8EC-4ABA-9140-B021117DF7FD}"
EndProject
Project("{FAE04EC0-301F-11D3-BF4B-00C04F79EFBC}") = "IRRTest", "IRRTest\IRRTest.csproj", "{D2FBB097-53CB-454A-A8CA-E033683F89C6}"
EndProject
Global
	GlobalSection(SolutionConfigurationPlatforms) = preSolution
		Debug|Any CPU = Debug|Any CPU
		Release|Any CPU = Release|Any CPU
	EndGlobalSection
	GlobalSection(ProjectConfigurationPlatforms) = postSolution
		{7A0824D4-3CB3-4557-8D9B-A09FD5749D04}.Debug|Any CPU.ActiveCfg = Debug|Any CPU
		{7A0824D4-3CB3-4557-8D9B-A09FD5749D04}.Debug|Any CPU.Build.0 = Debug|Any CPU
		{7A0824D4-3CB3-4557-8D9B-A09FD5749D04}.Release|Any CPU.ActiveCfg = Release|Any CPU
		{7A0824D4-3CB3-4557-8D9B-A09FD5749D04}.Release|Any CPU.Build.0 = Release|Any CPU
		{9B80EACE-C8EC-4ABA-9140-B021117DF7FD}.Debug|Any CPU.ActiveCfg = Debug|Any CPU
		{9B80EACE-C8EC-4ABA-9140-B021117DF7FD}.Debug|Any CPU.Build.0 = Debug|Any CPU
		{9B80EACE-C8EC-4ABA-9140-B021117DF7FD}.Release|Any CPU.ActiveCfg = Release|Any CPU
		{9B80EACE-C8EC-4ABA-9140-B021117DF7FD}.Release|Any CPU.Build.0 = Release|Any CPU
		{D2FBB097-53CB-454A-A8CA-E033683F89C6}.Debug|Any CPU.ActiveCfg = Debug|Any CPU
		{D2FBB097-53CB-454A-A8CA-E033683F89C6}.Debug|Any CPU.Build.0 = Debug|Any CPU
		{D2FBB097-53CB-454A-A8CA-E033683F89C6}.Release|Any CPU.ActiveCfg = Release|Any CPU
		{D2FBB097-53CB-454A-A8CA-E033683F89C6}.Release|Any CPU.Build.0 = Release|Any CPU
	EndGlobalSection
	GlobalSection(SolutionProperties) = preSolution
		HideSolutionNode = FALSE
	EndGlobalSection
	GlobalSection(ExtensibilityGlobals) = postSolution
		SolutionGuid = {59F0E96A-36EC-4500-8AB9-25D25DDA3563}
	EndGlobalSection
EndGlobal
